
Microsoft Visual Studio Solution File, Format Version 12.00
Project("{FAE04EC0-301F-11D3-BF4B-00C04F79EFBC}") = "Commons", "Commons\Commons.csproj", "{2FED82A4-24E2-44A9-A4B9-E48191E63C69}"
EndProject
Project("{FAE04EC0-301F-11D3-BF4B-00C04F79EFBC}") = "Commons.Tests", "Commons.Tests\Commons.Tests.csproj", "{8EED350B-E4E3-4C8E-8AD1-AD5C10DF30B9}"
EndProject
Global
	GlobalSection(SolutionConfigurationPlatforms) = preSolution
		Debug|Any CPU = Debug|Any CPU
		Release|Any CPU = Release|Any CPU
	EndGlobalSection
	GlobalSection(ProjectConfigurationPlatforms) = postSolution
		{2FED82A4-24E2-44A9-A4B9-E48191E63C69}.Debug|Any CPU.ActiveCfg = Debug|Any CPU
		{2FED82A4-24E2-44A9-A4B9-E48191E63C69}.Debug|Any CPU.Build.0 = Debug|Any CPU
		{2FED82A4-24E2-44A9-A4B9-E48191E63C69}.Release|Any CPU.ActiveCfg = Release|Any CPU
		{2FED82A4-24E2-44A9-A4B9-E48191E63C69}.Release|Any CPU.Build.0 = Release|Any CPU
		{8EED350B-E4E3-4C8E-8AD1-AD5C10DF30B9}.Debug|Any CPU.ActiveCfg = Debug|Any CPU
		{8EED350B-E4E3-4C8E-8AD1-AD5C10DF30B9}.Debug|Any CPU.Build.0 = Debug|Any CPU
		{8EED350B-E4E3-4C8E-8AD1-AD5C10DF30B9}.Release|Any CPU.ActiveCfg = Release|Any CPU
		{8EED350B-E4E3-4C8E-8AD1-AD5C10DF30B9}.Release|Any CPU.Build.0 = Release|Any CPU
	EndGlobalSection
EndGlobal
